{
  "requires": true,
  "lockfileVersion": 1,
  "dependencies": {
    "animation.css": {
      "version": "0.1.0",
      "resolved": "https://registry.npmjs.org/animation.css/-/animation.css-0.1.0.tgz",
      "integrity": "sha512-3uP0qvR1XYmrZRO0Iydv/j8oG+XOD80hfkvW35MmkmbymKp+q+cyn48XwjHxlpQKisTb2ZbbdI98VAGGQYS7LQ=="
    }
  }
}
